
Microsoft Visual Studio Solution File, Format Version 12.00
# Visual Studio 2013
VisualStudioVersion = 12.0.31101.0
MinimumVisualStudioVersion = 10.0.40219.1
Project("{FAE04EC0-301F-11D3-BF4B-00C04F79EFBC}") = "SIHECE", "SIHECE\SIHECE.csproj", "{CE29A567-80E8-44BF-B83D-8FC89365C101}"
EndProject
Project("{FAE04EC0-301F-11D3-BF4B-00C04F79EFBC}") = "AccesoDatos", "AccesoDatos\AccesoDatos.csproj", "{F1D3F099-C58A-4DC4-B43D-3266446ED243}"
EndProject
Project("{FAE04EC0-301F-11D3-BF4B-00C04F79EFBC}") = "ReglaNegocios", "ReglaNegocios\ReglaNegocios.csproj", "{C4C9FC38-B5A3-49FD-8B61-87F729B50930}"
EndProject
Project("{FAE04EC0-301F-11D3-BF4B-00C04F79EFBC}") = "CapaEntidades", "CapaEntidades\CapaEntidades.csproj", "{EC8476E1-33A4-4853-ABF5-4E1B81F5DAF8}"
EndProject
Global
	GlobalSection(SolutionConfigurationPlatforms) = preSolution
		Debug|Any CPU = Debug|Any CPU
		Release|Any CPU = Release|Any CPU
	EndGlobalSection
	GlobalSection(ProjectConfigurationPlatforms) = postSolution
		{CE29A567-80E8-44BF-B83D-8FC89365C101}.Debug|Any CPU.ActiveCfg = Debug|Any CPU
		{CE29A567-80E8-44BF-B83D-8FC89365C101}.Debug|Any CPU.Build.0 = Debug|Any CPU
		{CE29A567-80E8-44BF-B83D-8FC89365C101}.Release|Any CPU.ActiveCfg = Release|Any CPU
		{CE29A567-80E8-44BF-B83D-8FC89365C101}.Release|Any CPU.Build.0 = Release|Any CPU
		{F1D3F099-C58A-4DC4-B43D-3266446ED243}.Debug|Any CPU.ActiveCfg = Debug|Any CPU
		{F1D3F099-C58A-4DC4-B43D-3266446ED243}.Debug|Any CPU.Build.0 = Debug|Any CPU
		{F1D3F099-C58A-4DC4-B43D-3266446ED243}.Release|Any CPU.ActiveCfg = Release|Any CPU
		{F1D3F099-C58A-4DC4-B43D-3266446ED243}.Release|Any CPU.Build.0 = Release|Any CPU
		{C4C9FC38-B5A3-49FD-8B61-87F729B50930}.Debug|Any CPU.ActiveCfg = Debug|Any CPU
		{C4C9FC38-B5A3-49FD-8B61-87F729B50930}.Debug|Any CPU.Build.0 = Debug|Any CPU
		{C4C9FC38-B5A3-49FD-8B61-87F729B50930}.Release|Any CPU.ActiveCfg = Release|Any CPU
		{C4C9FC38-B5A3-49FD-8B61-87F729B50930}.Release|Any CPU.Build.0 = Release|Any CPU
		{EC8476E1-33A4-4853-ABF5-4E1B81F5DAF8}.Debug|Any CPU.ActiveCfg = Debug|Any CPU
		{EC8476E1-33A4-4853-ABF5-4E1B81F5DAF8}.Debug|Any CPU.Build.0 = Debug|Any CPU
		{EC8476E1-33A4-4853-ABF5-4E1B81F5DAF8}.Release|Any CPU.ActiveCfg = Release|Any CPU
		{EC8476E1-33A4-4853-ABF5-4E1B81F5DAF8}.Release|Any CPU.Build.0 = Release|Any CPU
	EndGlobalSection
	GlobalSection(SolutionProperties) = preSolution
		HideSolutionNode = FALSE
	EndGlobalSection
EndGlobal
